
Microsoft Visual Studio Solution File, Format Version 12.00
# Visual Studio Version 16
VisualStudioVersion = 16.0.28917.181
MinimumVisualStudioVersion = 10.0.40219.1
Project("{9A19103F-16F7-4668-BE54-9A1E7A4F7556}") = "Microsoft.MixedReality.WebRTC", "libs\Microsoft.MixedReality.WebRTC\Microsoft.MixedReality.WebRTC.csproj", "{BD9DCE7E-7159-4DAA-AAEB-71A8261C02FF}"
EndProject
Project("{FAE04EC0-301F-11D3-BF4B-00C04F79EFBC}") = "TestAppUWP", "examples\TestAppUwp\TestAppUWP.csproj", "{12C27383-118D-46F8-B025-BE44F42311A0}"
	ProjectSection(ProjectDependencies) = postProject
		{BD9DCE7E-7159-4DAA-AAEB-71A8261C02FF} = {BD9DCE7E-7159-4DAA-AAEB-71A8261C02FF}
		{6152E9EC-FCE5-429E-B427-5E61707F5DA7} = {6152E9EC-FCE5-429E-B427-5E61707F5DA7}
	EndProjectSection
EndProject
Project("{8BC9CEB8-8B4A-11D0-8D11-00A0C91BC942}") = "Native.UWP", "libs\Microsoft.MixedReality.WebRTC.Native\src\uwp\Microsoft.MixedReality.WebRTC.Native.UWP.vcxproj", "{0A6C45B9-76A4-4AB6-947B-0C0519AAE67D}"
	ProjectSection(ProjectDependencies) = postProject
		{6152E9EC-FCE5-429E-B427-5E61707F5DA7} = {6152E9EC-FCE5-429E-B427-5E61707F5DA7}
	EndProjectSection
EndProject
Project("{8BC9CEB8-8B4A-11D0-8D11-00A0C91BC942}") = "Native.Desktop", "libs\Microsoft.MixedReality.WebRTC.Native\src\win32\Microsoft.MixedReality.WebRTC.Native.Win32.vcxproj", "{928899BC-F131-4343-A1AB-72F3A5787E41}"
	ProjectSection(ProjectDependencies) = postProject
		{A0BE77BA-8B3E-4084-BCC3-C32F7E2BBF74} = {A0BE77BA-8B3E-4084-BCC3-C32F7E2BBF74}
	EndProjectSection
EndProject
Project("{9A19103F-16F7-4668-BE54-9A1E7A4F7556}") = "Microsoft.MixedReality.WebRTC.Tests", "tests\Microsoft.MixedReality.WebRTC.Tests\Microsoft.MixedReality.WebRTC.Tests.csproj", "{70AB2CE0-D35D-4911-AC83-545A611EA930}"
	ProjectSection(ProjectDependencies) = postProject
		{A0BE77BA-8B3E-4084-BCC3-C32F7E2BBF74} = {A0BE77BA-8B3E-4084-BCC3-C32F7E2BBF74}
		{6152E9EC-FCE5-429E-B427-5E61707F5DA7} = {6152E9EC-FCE5-429E-B427-5E61707F5DA7}
	EndProjectSection
EndProject
Project("{8BC9CEB8-8B4A-11D0-8D11-00A0C91BC942}") = "Native.Desktop.Tests", "libs\Microsoft.MixedReality.WebRTC.Native\test\Microsoft.MixedReality.WebRTC.Native.Tests.vcxproj", "{6D020425-2E3E-4BA7-BC46-00C8D29081C0}"
	ProjectSection(ProjectDependencies) = postProject
		{928899BC-F131-4343-A1AB-72F3A5787E41} = {928899BC-F131-4343-A1AB-72F3A5787E41}
	EndProjectSection
EndProject
Project("{2150E333-8FDC-42A3-9474-1A3956D46DE8}") = "Samples", "Samples", "{B32AC033-2CD1-4450-978B-00B16C517DDB}"
EndProject
Project("{2150E333-8FDC-42A3-9474-1A3956D46DE8}") = "Tests", "Tests", "{35C3F3A6-2133-4523-81CA-BDFCE559A98C}"
EndProject
Project("{9A19103F-16F7-4668-BE54-9A1E7A4F7556}") = "TestNetCoreConsole", "examples\TestNetCoreConsole\TestNetCoreConsole.csproj", "{C17D2554-9409-4CC7-8337-E3FBE3CAE415}"
	ProjectSection(ProjectDependencies) = postProject
		{BD9DCE7E-7159-4DAA-AAEB-71A8261C02FF} = {BD9DCE7E-7159-4DAA-AAEB-71A8261C02FF}
		{A0BE77BA-8B3E-4084-BCC3-C32F7E2BBF74} = {A0BE77BA-8B3E-4084-BCC3-C32F7E2BBF74}
	EndProjectSection
EndProject
Project("{2150E333-8FDC-42A3-9474-1A3956D46DE8}") = "Libraries", "Libraries", "{C32ED999-AF97-4F5D-8D88-2E6A05CFC36F}"
EndProject
Project("{2150E333-8FDC-42A3-9474-1A3956D46DE8}") = "Core", "Core", "{324D2D56-8AD2-407D-91A7-37DCC9F164B2}"
EndProject
Project("{8BC9CEB8-8B4A-11D0-8D11-00A0C91BC942}") = "Core.Desktop", "libs\Microsoft.MixedReality.WebRTC.Core\tools\build\win32\Microsoft.MixedReality.WebRTC.Core.Desktop.vcxproj", "{A0BE77BA-8B3E-4084-BCC3-C32F7E2BBF74}"
EndProject
Project("{8BC9CEB8-8B4A-11D0-8D11-00A0C91BC942}") = "Core.UWP", "libs\Microsoft.MixedReality.WebRTC.Core\tools\build\uwp\Microsoft.MixedReality.WebRTC.Core.UWP.vcxproj", "{6152E9EC-FCE5-429E-B427-5E61707F5DA7}"
EndProject
Project("{8BC9CEB8-8B4A-11D0-8D11-00A0C91BC942}") = "Core.Desktop.Tests", "libs\Microsoft.MixedReality.WebRTC.Core\test\Microsoft.MixedReality.WebRTC.Core.Desktop.Tests.vcxproj", "{746D640C-46DF-417F-BBD3-447E34CBEA02}"
EndProject
Global
	GlobalSection(SolutionConfigurationPlatforms) = preSolution
		Debug|Any CPU = Debug|Any CPU
		Debug|ARM = Debug|ARM
		Debug|ARM64 = Debug|ARM64
		Debug|x64 = Debug|x64
		Debug|x86 = Debug|x86
		Release|Any CPU = Release|Any CPU
		Release|ARM = Release|ARM
		Release|ARM64 = Release|ARM64
		Release|x64 = Release|x64
		Release|x86 = Release|x86
	EndGlobalSection
	GlobalSection(ProjectConfigurationPlatforms) = postSolution
		{BD9DCE7E-7159-4DAA-AAEB-71A8261C02FF}.Debug|Any CPU.ActiveCfg = Debug|Any CPU
		{BD9DCE7E-7159-4DAA-AAEB-71A8261C02FF}.Debug|Any CPU.Build.0 = Debug|Any CPU
		{BD9DCE7E-7159-4DAA-AAEB-71A8261C02FF}.Debug|ARM.ActiveCfg = Debug|Any CPU
		{BD9DCE7E-7159-4DAA-AAEB-71A8261C02FF}.Debug|ARM.Build.0 = Debug|Any CPU
		{BD9DCE7E-7159-4DAA-AAEB-71A8261C02FF}.Debug|ARM64.ActiveCfg = Debug|Any CPU
		{BD9DCE7E-7159-4DAA-AAEB-71A8261C02FF}.Debug|ARM64.Build.0 = Debug|Any CPU
		{BD9DCE7E-7159-4DAA-AAEB-71A8261C02FF}.Debug|x64.ActiveCfg = Debug|Any CPU
		{BD9DCE7E-7159-4DAA-AAEB-71A8261C02FF}.Debug|x64.Build.0 = Debug|Any CPU
		{BD9DCE7E-7159-4DAA-AAEB-71A8261C02FF}.Debug|x86.ActiveCfg = Debug|Any CPU
		{BD9DCE7E-7159-4DAA-AAEB-71A8261C02FF}.Debug|x86.Build.0 = Debug|Any CPU
		{BD9DCE7E-7159-4DAA-AAEB-71A8261C02FF}.Release|Any CPU.ActiveCfg = Release|Any CPU
		{BD9DCE7E-7159-4DAA-AAEB-71A8261C02FF}.Release|Any CPU.Build.0 = Release|Any CPU
		{BD9DCE7E-7159-4DAA-AAEB-71A8261C02FF}.Release|ARM.ActiveCfg = Release|Any CPU
		{BD9DCE7E-7159-4DAA-AAEB-71A8261C02FF}.Release|ARM.Build.0 = Release|Any CPU
		{BD9DCE7E-7159-4DAA-AAEB-71A8261C02FF}.Release|ARM64.ActiveCfg = Release|Any CPU
		{BD9DCE7E-7159-4DAA-AAEB-71A8261C02FF}.Release|ARM64.Build.0 = Release|Any CPU
		{BD9DCE7E-7159-4DAA-AAEB-71A8261C02FF}.Release|x64.ActiveCfg = Release|Any CPU
		{BD9DCE7E-7159-4DAA-AAEB-71A8261C02FF}.Release|x64.Build.0 = Release|Any CPU
		{BD9DCE7E-7159-4DAA-AAEB-71A8261C02FF}.Release|x86.ActiveCfg = Release|Any CPU
		{BD9DCE7E-7159-4DAA-AAEB-71A8261C02FF}.Release|x86.Build.0 = Release|Any CPU
		{12C27383-118D-46F8-B025-BE44F42311A0}.Debug|Any CPU.ActiveCfg = Debug|x86
		{12C27383-118D-46F8-B025-BE44F42311A0}.Debug|ARM.ActiveCfg = Debug|ARM
		{12C27383-118D-46F8-B025-BE44F42311A0}.Debug|ARM.Build.0 = Debug|ARM
		{12C27383-118D-46F8-B025-BE44F42311A0}.Debug|ARM.Deploy.0 = Debug|ARM
		{12C27383-118D-46F8-B025-BE44F42311A0}.Debug|ARM64.ActiveCfg = Debug|x86
		{12C27383-118D-46F8-B025-BE44F42311A0}.Debug|x64.ActiveCfg = Debug|x64
		{12C27383-118D-46F8-B025-BE44F42311A0}.Debug|x64.Build.0 = Debug|x64
		{12C27383-118D-46F8-B025-BE44F42311A0}.Debug|x64.Deploy.0 = Debug|x64
		{12C27383-118D-46F8-B025-BE44F42311A0}.Debug|x86.ActiveCfg = Debug|x86
		{12C27383-118D-46F8-B025-BE44F42311A0}.Debug|x86.Build.0 = Debug|x86
		{12C27383-118D-46F8-B025-BE44F42311A0}.Debug|x86.Deploy.0 = Debug|x86
		{12C27383-118D-46F8-B025-BE44F42311A0}.Release|Any CPU.ActiveCfg = Release|x86
		{12C27383-118D-46F8-B025-BE44F42311A0}.Release|ARM.ActiveCfg = Release|ARM
		{12C27383-118D-46F8-B025-BE44F42311A0}.Release|ARM.Build.0 = Release|ARM
		{12C27383-118D-46F8-B025-BE44F42311A0}.Release|ARM.Deploy.0 = Release|ARM
		{12C27383-118D-46F8-B025-BE44F42311A0}.Release|ARM64.ActiveCfg = Release|x86
		{12C27383-118D-46F8-B025-BE44F42311A0}.Release|x64.ActiveCfg = Release|x64
		{12C27383-118D-46F8-B025-BE44F42311A0}.Release|x64.Build.0 = Release|x64
		{12C27383-118D-46F8-B025-BE44F42311A0}.Release|x64.Deploy.0 = Release|x64
		{12C27383-118D-46F8-B025-BE44F42311A0}.Release|x86.ActiveCfg = Release|x86
		{12C27383-118D-46F8-B025-BE44F42311A0}.Release|x86.Build.0 = Release|x86
		{12C27383-118D-46F8-B025-BE44F42311A0}.Release|x86.Deploy.0 = Release|x86
		{0A6C45B9-76A4-4AB6-947B-0C0519AAE67D}.Debug|Any CPU.ActiveCfg = Debug|Win32
		{0A6C45B9-76A4-4AB6-947B-0C0519AAE67D}.Debug|ARM.ActiveCfg = Debug|ARM
		{0A6C45B9-76A4-4AB6-947B-0C0519AAE67D}.Debug|ARM.Build.0 = Debug|ARM
		{0A6C45B9-76A4-4AB6-947B-0C0519AAE67D}.Debug|ARM64.ActiveCfg = Debug|Win32
		{0A6C45B9-76A4-4AB6-947B-0C0519AAE67D}.Debug|x64.ActiveCfg = Debug|x64
		{0A6C45B9-76A4-4AB6-947B-0C0519AAE67D}.Debug|x64.Build.0 = Debug|x64
		{0A6C45B9-76A4-4AB6-947B-0C0519AAE67D}.Debug|x86.ActiveCfg = Debug|Win32
		{0A6C45B9-76A4-4AB6-947B-0C0519AAE67D}.Debug|x86.Build.0 = Debug|Win32
		{0A6C45B9-76A4-4AB6-947B-0C0519AAE67D}.Release|Any CPU.ActiveCfg = Release|Win32
		{0A6C45B9-76A4-4AB6-947B-0C0519AAE67D}.Release|ARM.ActiveCfg = Release|ARM
		{0A6C45B9-76A4-4AB6-947B-0C0519AAE67D}.Release|ARM.Build.0 = Release|ARM
		{0A6C45B9-76A4-4AB6-947B-0C0519AAE67D}.Release|ARM64.ActiveCfg = Release|Win32
		{0A6C45B9-76A4-4AB6-947B-0C0519AAE67D}.Release|x64.ActiveCfg = Release|x64
		{0A6C45B9-76A4-4AB6-947B-0C0519AAE67D}.Release|x64.Build.0 = Release|x64
		{0A6C45B9-76A4-4AB6-947B-0C0519AAE67D}.Release|x86.ActiveCfg = Release|Win32
		{0A6C45B9-76A4-4AB6-947B-0C0519AAE67D}.Release|x86.Build.0 = Release|Win32
		{928899BC-F131-4343-A1AB-72F3A5787E41}.Debug|Any CPU.ActiveCfg = Debug|Win32
		{928899BC-F131-4343-A1AB-72F3A5787E41}.Debug|ARM.ActiveCfg = Debug|ARM
		{928899BC-F131-4343-A1AB-72F3A5787E41}.Debug|ARM64.ActiveCfg = Debug|Win32
		{928899BC-F131-4343-A1AB-72F3A5787E41}.Debug|x64.ActiveCfg = Debug|x64
		{928899BC-F131-4343-A1AB-72F3A5787E41}.Debug|x64.Build.0 = Debug|x64
		{928899BC-F131-4343-A1AB-72F3A5787E41}.Debug|x86.ActiveCfg = Debug|Win32
		{928899BC-F131-4343-A1AB-72F3A5787E41}.Debug|x86.Build.0 = Debug|Win32
		{928899BC-F131-4343-A1AB-72F3A5787E41}.Release|Any CPU.ActiveCfg = Release|Win32
		{928899BC-F131-4343-A1AB-72F3A5787E41}.Release|ARM.ActiveCfg = Release|ARM
		{928899BC-F131-4343-A1AB-72F3A5787E41}.Release|ARM64.ActiveCfg = Release|Win32
		{928899BC-F131-4343-A1AB-72F3A5787E41}.Release|x64.ActiveCfg = Release|x64
		{928899BC-F131-4343-A1AB-72F3A5787E41}.Release|x64.Build.0 = Release|x64
		{928899BC-F131-4343-A1AB-72F3A5787E41}.Release|x86.ActiveCfg = Release|Win32
		{928899BC-F131-4343-A1AB-72F3A5787E41}.Release|x86.Build.0 = Release|Win32
		{70AB2CE0-D35D-4911-AC83-545A611EA930}.Debug|Any CPU.ActiveCfg = Debug|Any CPU
		{70AB2CE0-D35D-4911-AC83-545A611EA930}.Debug|Any CPU.Build.0 = Debug|Any CPU
		{70AB2CE0-D35D-4911-AC83-545A611EA930}.Debug|ARM.ActiveCfg = Debug|Any CPU
		{70AB2CE0-D35D-4911-AC83-545A611EA930}.Debug|ARM.Build.0 = Debug|Any CPU
		{70AB2CE0-D35D-4911-AC83-545A611EA930}.Debug|ARM64.ActiveCfg = Debug|Any CPU
		{70AB2CE0-D35D-4911-AC83-545A611EA930}.Debug|ARM64.Build.0 = Debug|Any CPU
		{70AB2CE0-D35D-4911-AC83-545A611EA930}.Debug|x64.ActiveCfg = Debug|Any CPU
		{70AB2CE0-D35D-4911-AC83-545A611EA930}.Debug|x64.Build.0 = Debug|Any CPU
		{70AB2CE0-D35D-4911-AC83-545A611EA930}.Debug|x86.ActiveCfg = Debug|Any CPU
		{70AB2CE0-D35D-4911-AC83-545A611EA930}.Debug|x86.Build.0 = Debug|Any CPU
		{70AB2CE0-D35D-4911-AC83-545A611EA930}.Release|Any CPU.ActiveCfg = Release|Any CPU
		{70AB2CE0-D35D-4911-AC83-545A611EA930}.Release|Any CPU.Build.0 = Release|Any CPU
		{70AB2CE0-D35D-4911-AC83-545A611EA930}.Release|ARM.ActiveCfg = Release|Any CPU
		{70AB2CE0-D35D-4911-AC83-545A611EA930}.Release|ARM.Build.0 = Release|Any CPU
		{70AB2CE0-D35D-4911-AC83-545A611EA930}.Release|ARM64.ActiveCfg = Release|Any CPU
		{70AB2CE0-D35D-4911-AC83-545A611EA930}.Release|ARM64.Build.0 = Release|Any CPU
		{70AB2CE0-D35D-4911-AC83-545A611EA930}.Release|x64.ActiveCfg = Release|Any CPU
		{70AB2CE0-D35D-4911-AC83-545A611EA930}.Release|x64.Build.0 = Release|Any CPU
		{70AB2CE0-D35D-4911-AC83-545A611EA930}.Release|x86.ActiveCfg = Release|Any CPU
		{70AB2CE0-D35D-4911-AC83-545A611EA930}.Release|x86.Build.0 = Release|Any CPU
		{6D020425-2E3E-4BA7-BC46-00C8D29081C0}.Debug|Any CPU.ActiveCfg = Debug|Win32
		{6D020425-2E3E-4BA7-BC46-00C8D29081C0}.Debug|ARM.ActiveCfg = Debug|Win32
		{6D020425-2E3E-4BA7-BC46-00C8D29081C0}.Debug|ARM64.ActiveCfg = Debug|Win32
		{6D020425-2E3E-4BA7-BC46-00C8D29081C0}.Debug|x64.ActiveCfg = Debug|x64
		{6D020425-2E3E-4BA7-BC46-00C8D29081C0}.Debug|x64.Build.0 = Debug|x64
		{6D020425-2E3E-4BA7-BC46-00C8D29081C0}.Debug|x86.ActiveCfg = Debug|Win32
		{6D020425-2E3E-4BA7-BC46-00C8D29081C0}.Debug|x86.Build.0 = Debug|Win32
		{6D020425-2E3E-4BA7-BC46-00C8D29081C0}.Release|Any CPU.ActiveCfg = Release|Win32
		{6D020425-2E3E-4BA7-BC46-00C8D29081C0}.Release|ARM.ActiveCfg = Release|Win32
		{6D020425-2E3E-4BA7-BC46-00C8D29081C0}.Release|ARM64.ActiveCfg = Release|Win32
		{6D020425-2E3E-4BA7-BC46-00C8D29081C0}.Release|x64.ActiveCfg = Release|x64
		{6D020425-2E3E-4BA7-BC46-00C8D29081C0}.Release|x64.Build.0 = Release|x64
		{6D020425-2E3E-4BA7-BC46-00C8D29081C0}.Release|x86.ActiveCfg = Release|Win32
		{6D020425-2E3E-4BA7-BC46-00C8D29081C0}.Release|x86.Build.0 = Release|Win32
		{C17D2554-9409-4CC7-8337-E3FBE3CAE415}.Debug|Any CPU.ActiveCfg = Debug|Any CPU
		{C17D2554-9409-4CC7-8337-E3FBE3CAE415}.Debug|Any CPU.Build.0 = Debug|Any CPU
		{C17D2554-9409-4CC7-8337-E3FBE3CAE415}.Debug|ARM.ActiveCfg = Debug|Any CPU
		{C17D2554-9409-4CC7-8337-E3FBE3CAE415}.Debug|ARM.Build.0 = Debug|Any CPU
		{C17D2554-9409-4CC7-8337-E3FBE3CAE415}.Debug|ARM64.ActiveCfg = Debug|Any CPU
		{C17D2554-9409-4CC7-8337-E3FBE3CAE415}.Debug|ARM64.Build.0 = Debug|Any CPU
		{C17D2554-9409-4CC7-8337-E3FBE3CAE415}.Debug|x64.ActiveCfg = Debug|Any CPU
		{C17D2554-9409-4CC7-8337-E3FBE3CAE415}.Debug|x64.Build.0 = Debug|Any CPU
		{C17D2554-9409-4CC7-8337-E3FBE3CAE415}.Debug|x86.ActiveCfg = Debug|Any CPU
		{C17D2554-9409-4CC7-8337-E3FBE3CAE415}.Debug|x86.Build.0 = Debug|Any CPU
		{C17D2554-9409-4CC7-8337-E3FBE3CAE415}.Release|Any CPU.ActiveCfg = Release|Any CPU
		{C17D2554-9409-4CC7-8337-E3FBE3CAE415}.Release|Any CPU.Build.0 = Release|Any CPU
		{C17D2554-9409-4CC7-8337-E3FBE3CAE415}.Release|ARM.ActiveCfg = Release|Any CPU
		{C17D2554-9409-4CC7-8337-E3FBE3CAE415}.Release|ARM.Build.0 = Release|Any CPU
		{C17D2554-9409-4CC7-8337-E3FBE3CAE415}.Release|ARM64.ActiveCfg = Release|Any CPU
		{C17D2554-9409-4CC7-8337-E3FBE3CAE415}.Release|ARM64.Build.0 = Release|Any CPU
		{C17D2554-9409-4CC7-8337-E3FBE3CAE415}.Release|x64.ActiveCfg = Release|Any CPU
		{C17D2554-9409-4CC7-8337-E3FBE3CAE415}.Release|x64.Build.0 = Release|Any CPU
		{C17D2554-9409-4CC7-8337-E3FBE3CAE415}.Release|x86.ActiveCfg = Release|Any CPU
		{C17D2554-9409-4CC7-8337-E3FBE3CAE415}.Release|x86.Build.0 = Release|Any CPU
		{A0BE77BA-8B3E-4084-BCC3-C32F7E2BBF74}.Debug|Any CPU.ActiveCfg = Debug|Win32
		{A0BE77BA-8B3E-4084-BCC3-C32F7E2BBF74}.Debug|ARM.ActiveCfg = Debug|Win32
		{A0BE77BA-8B3E-4084-BCC3-C32F7E2BBF74}.Debug|ARM64.ActiveCfg = Debug|Win32
		{A0BE77BA-8B3E-4084-BCC3-C32F7E2BBF74}.Debug|x64.ActiveCfg = Debug|x64
		{A0BE77BA-8B3E-4084-BCC3-C32F7E2BBF74}.Debug|x64.Build.0 = Debug|x64
		{A0BE77BA-8B3E-4084-BCC3-C32F7E2BBF74}.Debug|x86.ActiveCfg = Debug|Win32
		{A0BE77BA-8B3E-4084-BCC3-C32F7E2BBF74}.Debug|x86.Build.0 = Debug|Win32
		{A0BE77BA-8B3E-4084-BCC3-C32F7E2BBF74}.Release|Any CPU.ActiveCfg = Release|Win32
		{A0BE77BA-8B3E-4084-BCC3-C32F7E2BBF74}.Release|ARM.ActiveCfg = Release|Win32
		{A0BE77BA-8B3E-4084-BCC3-C32F7E2BBF74}.Release|ARM64.ActiveCfg = Release|Win32
		{A0BE77BA-8B3E-4084-BCC3-C32F7E2BBF74}.Release|x64.ActiveCfg = Release|x64
		{A0BE77BA-8B3E-4084-BCC3-C32F7E2BBF74}.Release|x64.Build.0 = Release|x64
		{A0BE77BA-8B3E-4084-BCC3-C32F7E2BBF74}.Release|x86.ActiveCfg = Release|Win32
		{A0BE77BA-8B3E-4084-BCC3-C32F7E2BBF74}.Release|x86.Build.0 = Release|Win32
		{6152E9EC-FCE5-429E-B427-5E61707F5DA7}.Debug|Any CPU.ActiveCfg = Debug|Win32
		{6152E9EC-FCE5-429E-B427-5E61707F5DA7}.Debug|ARM.ActiveCfg = Debug|ARM
		{6152E9EC-FCE5-429E-B427-5E61707F5DA7}.Debug|ARM.Build.0 = Debug|ARM
		{6152E9EC-FCE5-429E-B427-5E61707F5DA7}.Debug|ARM64.ActiveCfg = Debug|ARM64
		{6152E9EC-FCE5-429E-B427-5E61707F5DA7}.Debug|ARM64.Build.0 = Debug|ARM64
		{6152E9EC-FCE5-429E-B427-5E61707F5DA7}.Debug|x64.ActiveCfg = Debug|x64
		{6152E9EC-FCE5-429E-B427-5E61707F5DA7}.Debug|x64.Build.0 = Debug|x64
		{6152E9EC-FCE5-429E-B427-5E61707F5DA7}.Debug|x86.ActiveCfg = Debug|Win32
		{6152E9EC-FCE5-429E-B427-5E61707F5DA7}.Debug|x86.Build.0 = Debug|Win32
		{6152E9EC-FCE5-429E-B427-5E61707F5DA7}.Release|Any CPU.ActiveCfg = Release|Win32
		{6152E9EC-FCE5-429E-B427-5E61707F5DA7}.Release|ARM.ActiveCfg = Release|ARM
		{6152E9EC-FCE5-429E-B427-5E61707F5DA7}.Release|ARM.Build.0 = Release|ARM
		{6152E9EC-FCE5-429E-B427-5E61707F5DA7}.Release|ARM64.ActiveCfg = Release|ARM64
		{6152E9EC-FCE5-429E-B427-5E61707F5DA7}.Release|ARM64.Build.0 = Release|ARM64
		{6152E9EC-FCE5-429E-B427-5E61707F5DA7}.Release|x64.ActiveCfg = Release|x64
		{6152E9EC-FCE5-429E-B427-5E61707F5DA7}.Release|x64.Build.0 = Release|x64
		{6152E9EC-FCE5-429E-B427-5E61707F5DA7}.Release|x86.ActiveCfg = Release|Win32
		{6152E9EC-FCE5-429E-B427-5E61707F5DA7}.Release|x86.Build.0 = Release|Win32
		{746D640C-46DF-417F-BBD3-447E34CBEA02}.Debug|Any CPU.ActiveCfg = Debug|Win32
		{746D640C-46DF-417F-BBD3-447E34CBEA02}.Debug|ARM.ActiveCfg = Debug|Win32
		{746D640C-46DF-417F-BBD3-447E34CBEA02}.Debug|ARM64.ActiveCfg = Debug|Win32
		{746D640C-46DF-417F-BBD3-447E34CBEA02}.Debug|x64.ActiveCfg = Debug|x64
		{746D640C-46DF-417F-BBD3-447E34CBEA02}.Debug|x64.Build.0 = Debug|x64
		{746D640C-46DF-417F-BBD3-447E34CBEA02}.Debug|x86.ActiveCfg = Debug|Win32
		{746D640C-46DF-417F-BBD3-447E34CBEA02}.Debug|x86.Build.0 = Debug|Win32
		{746D640C-46DF-417F-BBD3-447E34CBEA02}.Release|Any CPU.ActiveCfg = Release|Win32
		{746D640C-46DF-417F-BBD3-447E34CBEA02}.Release|ARM.ActiveCfg = Release|Win32
		{746D640C-46DF-417F-BBD3-447E34CBEA02}.Release|ARM64.ActiveCfg = Release|Win32
		{746D640C-46DF-417F-BBD3-447E34CBEA02}.Release|x64.ActiveCfg = Release|x64
		{746D640C-46DF-417F-BBD3-447E34CBEA02}.Release|x64.Build.0 = Release|x64
		{746D640C-46DF-417F-BBD3-447E34CBEA02}.Release|x86.ActiveCfg = Release|Win32
		{746D640C-46DF-417F-BBD3-447E34CBEA02}.Release|x86.Build.0 = Release|Win32
	EndGlobalSection
	GlobalSection(SolutionProperties) = preSolution
		HideSolutionNode = FALSE
	EndGlobalSection
	GlobalSection(NestedProjects) = preSolution
		{BD9DCE7E-7159-4DAA-AAEB-71A8261C02FF} = {C32ED999-AF97-4F5D-8D88-2E6A05CFC36F}
		{12C27383-118D-46F8-B025-BE44F42311A0} = {B32AC033-2CD1-4450-978B-00B16C517DDB}
		{0A6C45B9-76A4-4AB6-947B-0C0519AAE67D} = {C32ED999-AF97-4F5D-8D88-2E6A05CFC36F}
		{928899BC-F131-4343-A1AB-72F3A5787E41} = {C32ED999-AF97-4F5D-8D88-2E6A05CFC36F}
		{70AB2CE0-D35D-4911-AC83-545A611EA930} = {35C3F3A6-2133-4523-81CA-BDFCE559A98C}
		{6D020425-2E3E-4BA7-BC46-00C8D29081C0} = {35C3F3A6-2133-4523-81CA-BDFCE559A98C}
		{C17D2554-9409-4CC7-8337-E3FBE3CAE415} = {B32AC033-2CD1-4450-978B-00B16C517DDB}
		{A0BE77BA-8B3E-4084-BCC3-C32F7E2BBF74} = {324D2D56-8AD2-407D-91A7-37DCC9F164B2}
		{6152E9EC-FCE5-429E-B427-5E61707F5DA7} = {324D2D56-8AD2-407D-91A7-37DCC9F164B2}
		{746D640C-46DF-417F-BBD3-447E34CBEA02} = {35C3F3A6-2133-4523-81CA-BDFCE559A98C}
	EndGlobalSection
	GlobalSection(ExtensibilityGlobals) = postSolution
		SolutionGuid = {FDDDC335-362A-4F14-815D-5D40C75CCE88}
	EndGlobalSection
EndGlobal
